// !$*UTF8*$!
{
	archiveVersion = 1;
	classes = {
	};
	objectVersion = 46;
	objects = {

/* Begin PBXBuildFile section */
		13C382C61DB7517A00C5B957 /* HumboldtHouseStickerPack.appex in Embed App Extensions */ = {isa = PBXBuildFile; fileRef = 13C382C51DB7517A00C5B957 /* HumboldtHouseStickerPack.appex */; settings = {ATTRIBUTES = (RemoveHeadersOnCopy, ); }; };
		13C382CA1DB7517A00C5B957 /* Stickers.xcstickers in Resources */ = {isa = PBXBuildFile; fileRef = 13C382C91DB7517A00C5B957 /* Stickers.xcstickers */; };
		13C382CB1DB7517A00C5B957 /* Stickers.xcstickers in Resources */ = {isa = PBXBuildFile; fileRef = 13C382C91DB7517A00C5B957 /* Stickers.xcstickers */; };
/* End PBXBuildFile section */

/* Begin PBXContainerItemProxy section */
		13C382C71DB7517A00C5B957 /* PBXContainerItemProxy */ = {
			isa = PBXContainerItemProxy;
			containerPortal = 13C382BB1DB7517900C5B957 /* Project object */;
			proxyType = 1;
			remoteGlobalIDString = 13C382C41DB7517A00C5B957;
			remoteInfo = StickerPackExtension;
		};
/* End PBXContainerItemProxy section */

/* Begin PBXCopyFilesBuildPhase section */
		13C382D11DB7517A00C5B957 /* Embed App Extensions */ = {
			isa = PBXCopyFilesBuildPhase;
			buildActionMask = 2147483647;
			dstPath = "";
			dstSubfolderSpec = 13;
			files = (
				13C382C61DB7517A00C5B957 /* HumboldtHouseStickerPack.appex in Embed App Extensions */,
			);
			name = "Embed App Extensions";
			runOnlyForDeploymentPostprocessing = 0;
		};
/* End PBXCopyFilesBuildPhase section */

/* Begin PBXFileReference section */
		13C382C11DB7517A00C5B957 /* Matzpack.app */ = {isa = PBXFileReference; explicitFileType = wrapper.application; includeInIndex = 0; path = Matzpack.app; sourceTree = BUILT_PRODUCTS_DIR; };
		13C382C51DB7517A00C5B957 /* HumboldtHouseStickerPack.appex */ = {isa = PBXFileReference; explicitFileType = "wrapper.app-extension"; includeInIndex = 0; path = HumboldtHouseStickerPack.appex; sourceTree = BUILT_PRODUCTS_DIR; };
		13C382C91DB7517A00C5B957 /* Stickers.xcstickers */ = {isa = PBXFileReference; lastKnownFileType = folder.stickers; name = Stickers.xcstickers; path = StickerPackExtension/Stickers.xcstickers; sourceTree = "<group>"; };
/* End PBXFileReference section */

/* Begin PBXGroup section */
		13C382BA1DB7517900C5B957 = {
			isa = PBXGroup;
			children = (
				13C382C91DB7517A00C5B957 /* Stickers.xcstickers */,
				13C382C21DB7517A00C5B957 /* Products */,
			);
			sourceTree = "<group>";
		};
		13C382C21DB7517A00C5B957 /* Products */ = {
			isa = PBXGroup;
			children = (
				13C382C11DB7517A00C5B957 /* Matzpack.app */,
				13C382C51DB7517A00C5B957 /* HumboldtHouseStickerPack.appex */,
			);
			name = Products;
			sourceTree = "<group>";
		};
/* End PBXGroup section */

/* Begin PBXNativeTarget section */
		13C382C01DB7517900C5B957 /* Matzpack */ = {
			isa = PBXNativeTarget;
			buildConfigurationList = 13C382D21DB7517A00C5B957 /* Build configuration list for PBXNativeTarget "Matzpack" */;
			buildPhases = (
				13C382BF1DB7517900C5B957 /* Resources */,
				13C382D11DB7517A00C5B957 /* Embed App Extensions */,
			);
			buildRules = (
			);
			dependencies = (
				13C382C81DB7517A00C5B957 /* PBXTargetDependency */,
			);
			name = Matzpack;
			productName = Matzpack;
			productReference = 13C382C11DB7517A00C5B957 /* Matzpack.app */;
			productType = "com.apple.product-type.application.messages";
		};
		13C382C41DB7517A00C5B957 /* HumboldtHouseStickerPack */ = {
			isa = PBXNativeTarget;
			buildConfigurationList = 13C382CE1DB7517A00C5B957 /* Build configuration list for PBXNativeTarget "HumboldtHouseStickerPack" */;
			buildPhases = (
				13C382C31DB7517A00C5B957 /* Resources */,
			);
			buildRules = (
			);
			dependencies = (
			);
			name = HumboldtHouseStickerPack;
			productName = StickerPackExtension;
			productReference = 13C382C51DB7517A00C5B957 /* HumboldtHouseStickerPack.appex */;
			productType = "com.apple.product-type.app-extension.messages-sticker-pack";
		};
/* End PBXNativeTarget section */

/* Begin PBXProject section */
		13C382BB1DB7517900C5B957 /* Project object */ = {
			isa = PBXProject;
			attributes = {
				LastUpgradeCheck = 0800;
				ORGANIZATIONNAME = Fueled;
				TargetAttributes = {
					13C382C01DB7517900C5B957 = {
						CreatedOnToolsVersion = 8.0;
						DevelopmentTeam = 7XVG9DNBN2;
						ProvisioningStyle = Automatic;
					};
					13C382C41DB7517A00C5B957 = {
						CreatedOnToolsVersion = 8.0;
						DevelopmentTeam = 7XVG9DNBN2;
						ProvisioningStyle = Automatic;
					};
				};
			};
			buildConfigurationList = 13C382BE1DB7517900C5B957 /* Build configuration list for PBXProject "Matzpack" */;
			compatibilityVersion = "Xcode 3.2";
			developmentRegion = English;
			hasScannedForEncodings = 0;
			knownRegions = (
				en,
			);
			mainGroup = 13C382BA1DB7517900C5B957;
			productRefGroup = 13C382C21DB7517A00C5B957 /* Products */;
			projectDirPath = "";
			projectRoot = "";
			targets = (
				13C382C01DB7517900C5B957 /* Matzpack */,
				13C382C41DB7517A00C5B957 /* HumboldtHouseStickerPack */,
			);
		};
/* End PBXProject section */

/* Begin PBXResourcesBuildPhase section */
		13C382BF1DB7517900C5B957 /* Resources */ = {
			isa = PBXResourcesBuildPhase;
			buildActionMask = 2147483647;
			files = (
				13C382CB1DB7517A00C5B957 /* Stickers.xcstickers in Resources */,
			);
			runOnlyForDeploymentPostprocessing = 0;
		};
		13C382C31DB7517A00C5B957 /* Resources */ = {
			isa = PBXResourcesBuildPhase;
			buildActionMask = 2147483647;
			files = (
				13C382CA1DB7517A00C5B957 /* Stickers.xcstickers in Resources */,
			);
			runOnlyForDeploymentPostprocessing = 0;
		};
/* End PBXResourcesBuildPhase section */

/* Begin PBXTargetDependency section */
		13C382C81DB7517A00C5B957 /* PBXTargetDependency */ = {
			isa = PBXTargetDependency;
			target = 13C382C41DB7517A00C5B957 /* HumboldtHouseStickerPack */;
			targetProxy = 13C382C71DB7517A00C5B957 /* PBXContainerItemProxy */;
		};
/* End PBXTargetDependency section */

/* Begin XCBuildConfiguration section */
		13C382CC1DB7517A00C5B957 /* Debug */ = {
			isa = XCBuildConfiguration;
			buildSettings = {
				ALWAYS_SEARCH_USER_PATHS = NO;
				CLANG_ANALYZER_NONNULL = YES;
				CLANG_CXX_LANGUAGE_STANDARD = "gnu++0x";
				CLANG_CXX_LIBRARY = "libc++";
				CLANG_ENABLE_MODULES = YES;
				CLANG_ENABLE_OBJC_ARC = YES;
				CLANG_WARN_BOOL_CONVERSION = YES;
				CLANG_WARN_CONSTANT_CONVERSION = YES;
				CLANG_WARN_DIRECT_OBJC_ISA_USAGE = YES_ERROR;
				CLANG_WARN_DOCUMENTATION_COMMENTS = YES;
				CLANG_WARN_EMPTY_BODY = YES;
				CLANG_WARN_ENUM_CONVERSION = YES;
				CLANG_WARN_INFINITE_RECURSION = YES;
				CLANG_WARN_INT_CONVERSION = YES;
				CLANG_WARN_OBJC_ROOT_CLASS = YES_ERROR;
				CLANG_WARN_SUSPICIOUS_MOVES = YES;
				CLANG_WARN_UNREACHABLE_CODE = YES;
				CLANG_WARN__DUPLICATE_METHOD_MATCH = YES;
				"CODE_SIGN_IDENTITY[sdk=iphoneos*]" = "iPhone Developer";
				COPY_PHASE_STRIP = NO;
				DEBUG_INFORMATION_FORMAT = dwarf;
				ENABLE_STRICT_OBJC_MSGSEND = YES;
				ENABLE_TESTABILITY = YES;
				GCC_C_LANGUAGE_STANDARD = gnu99;
				GCC_DYNAMIC_NO_PIC = NO;
				GCC_NO_COMMON_BLOCKS = YES;
				GCC_OPTIMIZATION_LEVEL = 0;
				GCC_PREPROCESSOR_DEFINITIONS = (
					"DEBUG=1",
					"$(inherited)",
				);
				GCC_WARN_64_TO_32_BIT_CONVERSION = YES;
				GCC_WARN_ABOUT_RETURN_TYPE = YES_ERROR;
				GCC_WARN_UNDECLARED_SELECTOR = YES;
				GCC_WARN_UNINITIALIZED_AUTOS = YES_AGGRESSIVE;
				GCC_WARN_UNUSED_FUNCTION = YES;
				GCC_WARN_UNUSED_VARIABLE = YES;
				IPHONEOS_DEPLOYMENT_TARGET = 10.0;
				MTL_ENABLE_DEBUG_INFO = YES;
				ONLY_ACTIVE_ARCH = YES;
				SDKROOT = iphoneos;
			};
			name = Debug;
		};
		13C382CD1DB7517A00C5B957 /* Release */ = {
			isa = XCBuildConfiguration;
			buildSettings = {
				ALWAYS_SEARCH_USER_PATHS = NO;
				CLANG_ANALYZER_NONNULL = YES;
				CLANG_CXX_LANGUAGE_STANDARD = "gnu++0x";
				CLANG_CXX_LIBRARY = "libc++";
				CLANG_ENABLE_MODULES = YES;
				CLANG_ENABLE_OBJC_ARC = YES;
				CLANG_WARN_BOOL_CONVERSION = YES;
				CLANG_WARN_CONSTANT_CONVERSION = YES;
				CLANG_WARN_DIRECT_OBJC_ISA_USAGE = YES_ERROR;
				CLANG_WARN_DOCUMENTATION_COMMENTS = YES;
				CLANG_WARN_EMPTY_BODY = YES;
				CLANG_WARN_ENUM_CONVERSION = YES;
				CLANG_WARN_INFINITE_RECURSION = YES;
				CLANG_WARN_INT_CONVERSION = YES;
				CLANG_WARN_OBJC_ROOT_CLASS = YES_ERROR;
				CLANG_WARN_SUSPICIOUS_MOVES = YES;
				CLANG_WARN_UNREACHABLE_CODE = YES;
				CLANG_WARN__DUPLICATE_METHOD_MATCH = YES;
				"CODE_SIGN_IDENTITY[sdk=iphoneos*]" = "iPhone Developer";
				COPY_PHASE_STRIP = NO;
				DEBUG_INFORMATION_FORMAT = "dwarf-with-dsym";
				ENABLE_NS_ASSERTIONS = NO;
				ENABLE_STRICT_OBJC_MSGSEND = YES;
				GCC_C_LANGUAGE_STANDARD = gnu99;
				GCC_NO_COMMON_BLOCKS = YES;
				GCC_WARN_64_TO_32_BIT_CONVERSION = YES;
				GCC_WARN_ABOUT_RETURN_TYPE = YES_ERROR;
				GCC_WARN_UNDECLARED_SELECTOR = YES;
				GCC_WARN_UNINITIALIZED_AUTOS = YES_AGGRESSIVE;
				GCC_WARN_UNUSED_FUNCTION = YES;
				GCC_WARN_UNUSED_VARIABLE = YES;
				IPHONEOS_DEPLOYMENT_TARGET = 10.0;
				MTL_ENABLE_DEBUG_INFO = NO;
				SDKROOT = iphoneos;
				VALIDATE_PRODUCT = YES;
			};
			name = Release;
		};
		13C382CF1DB7517A00C5B957 /* Debug */ = {
			isa = XCBuildConfiguration;
			buildSettings = {
				ASSETCATALOG_COMPILER_APPICON_NAME = "iMessage App Icon";
				DEVELOPMENT_TEAM = 7XVG9DNBN2;
				INFOPLIST_FILE = StickerPackExtension/Info.plist;
				PRODUCT_BUNDLE_IDENTIFIER = com.matzner.matzpack.HumboldtHouseStickerPack;
				PRODUCT_NAME = "$(TARGET_NAME)";
				SKIP_INSTALL = YES;
			};
			name = Debug;
		};
		13C382D01DB7517A00C5B957 /* Release */ = {
			isa = XCBuildConfiguration;
			buildSettings = {
				ASSETCATALOG_COMPILER_APPICON_NAME = "iMessage App Icon";
				DEVELOPMENT_TEAM = 7XVG9DNBN2;
				INFOPLIST_FILE = StickerPackExtension/Info.plist;
				PRODUCT_BUNDLE_IDENTIFIER = com.matzner.matzpack.HumboldtHouseStickerPack;
				PRODUCT_NAME = "$(TARGET_NAME)";
				SKIP_INSTALL = YES;
			};
			name = Release;
		};
		13C382D31DB7517A00C5B957 /* Debug */ = {
			isa = XCBuildConfiguration;
			buildSettings = {
				ASSETCATALOG_COMPILER_APPICON_NAME = "iMessage App Icon";
				"CODE_SIGN_IDENTITY[sdk=iphoneos*]" = "iPhone Developer";
				DEVELOPMENT_TEAM = 7XVG9DNBN2;
				INFOPLIST_FILE = Matzpack/Info.plist;
				PRODUCT_BUNDLE_IDENTIFIER = com.matzner.matzpack;
				PRODUCT_NAME = "$(TARGET_NAME)";
				TARGETED_DEVICE_FAMILY = "1,2";
			};
			name = Debug;
		};
		13C382D41DB7517A00C5B957 /* Release */ = {
			isa = XCBuildConfiguration;
			buildSettings = {
				ASSETCATALOG_COMPILER_APPICON_NAME = "iMessage App Icon";
				"CODE_SIGN_IDENTITY[sdk=iphoneos*]" = "iPhone Developer";
				DEVELOPMENT_TEAM = 7XVG9DNBN2;
				INFOPLIST_FILE = Matzpack/Info.plist;
				PRODUCT_BUNDLE_IDENTIFIER = com.matzner.matzpack;
				PRODUCT_NAME = "$(TARGET_NAME)";
				TARGETED_DEVICE_FAMILY = "1,2";
			};
			name = Release;
		};
/* End XCBuildConfiguration section */

/* Begin XCConfigurationList section */
		13C382BE1DB7517900C5B957 /* Build configuration list for PBXProject "Matzpack" */ = {
			isa = XCConfigurationList;
			buildConfigurations = (
				13C382CC1DB7517A00C5B957 /* Debug */,
				13C382CD1DB7517A00C5B957 /* Release */,
			);
			defaultConfigurationIsVisible = 0;
			defaultConfigurationName = Release;
		};
		13C382CE1DB7517A00C5B957 /* Build configuration list for PBXNativeTarget "HumboldtHouseStickerPack" */ = {
			isa = XCConfigurationList;
			buildConfigurations = (
				13C382CF1DB7517A00C5B957 /* Debug */,
				13C382D01DB7517A00C5B957 /* Release */,
			);
			defaultConfigurationIsVisible = 0;
			defaultConfigurationName = Release;
		};
		13C382D21DB7517A00C5B957 /* Build configuration list for PBXNativeTarget "Matzpack" */ = {
			isa = XCConfigurationList;
			buildConfigurations = (
				13C382D31DB7517A00C5B957 /* Debug */,
				13C382D41DB7517A00C5B957 /* Release */,
			);
			defaultConfigurationIsVisible = 0;
			defaultConfigurationName = Release;
		};
/* End XCConfigurationList section */
	};
	rootObject = 13C382BB1DB7517900C5B957 /* Project object */;
}
